{
    "requires": true,
    "lockfileVersion": 1,
    "dependencies": {
        "@types/google-apps-script": {
            "version": "0.0.27",
            "resolved": "https://registry.npmjs.org/@types/google-apps-script/-/google-apps-script-0.0.27.tgz",
            "integrity": "sha512-jV4lBWP0mo5VVf5IqGWsCelfV2y2IUBs/etf/iJSqlCNeRvd/qiTH8KwY9O1o9ong1tPlCMzgiMiksa0wbwnVg==",
            "dev": true
        },
        "@types/node": {
            "version": "11.13.4",
            "resolved": "https://registry.npmjs.org/@types/node/-/node-11.13.4.tgz",
            "integrity": "sha512-+rabAZZ3Yn7tF/XPGHupKIL5EcAbrLxnTr/hgQICxbeuAfWtT0UZSfULE+ndusckBItcv4o6ZeOJplQikVcLvQ==",
            "dev": true
        }
    }
}
